
Microsoft Visual Studio Solution File, Format Version 11.00
# Visual Studio 2010
Project("{8BC9CEB8-8B4A-11D0-8D11-00A0C91BC942}") = "Word_Recognition", "Word_Recognition\Word_Recognition.vcxproj", "{AA302B09-4684-470A-B72C-D5324EE7FD63}"
EndProject
Global
	GlobalSection(SolutionConfigurationPlatforms) = preSolution
		Debug|Win32 = Debug|Win32
		Release|Win32 = Release|Win32
	EndGlobalSection
	GlobalSection(ProjectConfigurationPlatforms) = postSolution
		{AA302B09-4684-470A-B72C-D5324EE7FD63}.Debug|Win32.ActiveCfg = Debug|Win32
		{AA302B09-4684-470A-B72C-D5324EE7FD63}.Debug|Win32.Build.0 = Debug|Win32
		{AA302B09-4684-470A-B72C-D5324EE7FD63}.Release|Win32.ActiveCfg = Release|Win32
		{AA302B09-4684-470A-B72C-D5324EE7FD63}.Release|Win32.Build.0 = Release|Win32
	EndGlobalSection
	GlobalSection(SolutionProperties) = preSolution
		HideSolutionNode = FALSE
	EndGlobalSection
EndGlobal
